
Microsoft Visual Studio Solution File, Format Version 12.00
# Visual Studio Version 16
VisualStudioVersion = 16.0.32126.315
MinimumVisualStudioVersion = 10.0.40219.1
Project("{FAE04EC0-301F-11D3-BF4B-00C04F79EFBC}") = "Atlantik", "Atlantik\Atlantik.csproj", "{431241F4-CC2A-4348-BF74-66F3852C9AF1}"
EndProject
Global
	GlobalSection(SolutionConfigurationPlatforms) = preSolution
		Debug|Any CPU = Debug|Any CPU
		Release|Any CPU = Release|Any CPU
	EndGlobalSection
	GlobalSection(ProjectConfigurationPlatforms) = postSolution
		{431241F4-CC2A-4348-BF74-66F3852C9AF1}.Debug|Any CPU.ActiveCfg = Debug|Any CPU
		{431241F4-CC2A-4348-BF74-66F3852C9AF1}.Debug|Any CPU.Build.0 = Debug|Any CPU
		{431241F4-CC2A-4348-BF74-66F3852C9AF1}.Release|Any CPU.ActiveCfg = Release|Any CPU
		{431241F4-CC2A-4348-BF74-66F3852C9AF1}.Release|Any CPU.Build.0 = Release|Any CPU
	EndGlobalSection
	GlobalSection(SolutionProperties) = preSolution
		HideSolutionNode = FALSE
	EndGlobalSection
	GlobalSection(ExtensibilityGlobals) = postSolution
		SolutionGuid = {E41247DD-F085-44FF-ADBD-2F02F5439CDB}
	EndGlobalSection
EndGlobal
